Microsoft Visual Studio Solution File, Format Version 11.00
# Visual Studio 2008

Project("{95D1AF42-9004-DA2A-8FC4-2607A05E6703}") = "ProjectB - Pitch", "Assembly-CSharp.csproj", "{EA293D83-4E76-C870-B130-D6258CC25B99}"
EndProject
Global
	GlobalSection(SolutionConfigurationPlatforms) = preSolution
		Debug|Any CPU = Debug|Any CPU
		Release|Any CPU = Release|Any CPU
	EndGlobalSection
	GlobalSection(ProjectConfigurationPlatforms) = postSolution
		{EA293D83-4E76-C870-B130-D6258CC25B99}.Debug|Any CPU.ActiveCfg = Debug|Any CPU
		{EA293D83-4E76-C870-B130-D6258CC25B99}.Debug|Any CPU.Build.0 = Debug|Any CPU
		{EA293D83-4E76-C870-B130-D6258CC25B99}.Release|Any CPU.ActiveCfg = Release|Any CPU
		{EA293D83-4E76-C870-B130-D6258CC25B99}.Release|Any CPU.Build.0 = Release|Any CPU
	EndGlobalSection
	GlobalSection(SolutionProperties) = preSolution
		HideSolutionNode = FALSE
	EndGlobalSection
	GlobalSection(MonoDevelopProperties) = preSolution
		StartupItem = Assembly-CSharp.csproj
	EndGlobalSection
EndGlobal
