Microsoft Visual Studio Solution File, Format Version 11.00
# Visual Studio 2008

Project("{99AE54EE-1891-A0DD-E318-98E6DE275026}") = "Space - Pitch", "Assembly-CSharp.csproj", "{67C2AAD0-C65F-9750-91BE-89B3BDC66BF9}"
EndProject
Project("{99AE54EE-1891-A0DD-E318-98E6DE275026}") = "Space - Pitch", "Assembly-CSharp-Editor.csproj", "{C8C2AC0B-59C3-1C79-8915-2C413A989B53}"
EndProject
Global
	GlobalSection(SolutionConfigurationPlatforms) = preSolution
		Debug|Any CPU = Debug|Any CPU
		Release|Any CPU = Release|Any CPU
	EndGlobalSection
	GlobalSection(ProjectConfigurationPlatforms) = postSolution
		{67C2AAD0-C65F-9750-91BE-89B3BDC66BF9}.Debug|Any CPU.ActiveCfg = Debug|Any CPU
		{67C2AAD0-C65F-9750-91BE-89B3BDC66BF9}.Debug|Any CPU.Build.0 = Debug|Any CPU
		{67C2AAD0-C65F-9750-91BE-89B3BDC66BF9}.Release|Any CPU.ActiveCfg = Release|Any CPU
		{67C2AAD0-C65F-9750-91BE-89B3BDC66BF9}.Release|Any CPU.Build.0 = Release|Any CPU
		{C8C2AC0B-59C3-1C79-8915-2C413A989B53}.Debug|Any CPU.ActiveCfg = Debug|Any CPU
		{C8C2AC0B-59C3-1C79-8915-2C413A989B53}.Debug|Any CPU.Build.0 = Debug|Any CPU
		{C8C2AC0B-59C3-1C79-8915-2C413A989B53}.Release|Any CPU.ActiveCfg = Release|Any CPU
		{C8C2AC0B-59C3-1C79-8915-2C413A989B53}.Release|Any CPU.Build.0 = Release|Any CPU
	EndGlobalSection
	GlobalSection(SolutionProperties) = preSolution
		HideSolutionNode = FALSE
	EndGlobalSection
	GlobalSection(MonoDevelopProperties) = preSolution
		StartupItem = Assembly-CSharp.csproj
	EndGlobalSection
EndGlobal
